
Microsoft Visual Studio Solution File, Format Version 12.00
# Visual Studio Version 16
VisualStudioVersion = 16.0.30406.217
MinimumVisualStudioVersion = 10.0.40219.1
Project("{FAE04EC0-301F-11D3-BF4B-00C04F79EFBC}") = "Ejercicios07Punto04", "Ejercicios07Punto04\Ejercicios07Punto04.csproj", "{845BED0E-0400-4BF1-A942-FCA31E39A7D6}"
EndProject
Global
	GlobalSection(SolutionConfigurationPlatforms) = preSolution
		Debug|Any CPU = Debug|Any CPU
		Release|Any CPU = Release|Any CPU
	EndGlobalSection
	GlobalSection(ProjectConfigurationPlatforms) = postSolution
		{845BED0E-0400-4BF1-A942-FCA31E39A7D6}.Debug|Any CPU.ActiveCfg = Debug|Any CPU
		{845BED0E-0400-4BF1-A942-FCA31E39A7D6}.Debug|Any CPU.Build.0 = Debug|Any CPU
		{845BED0E-0400-4BF1-A942-FCA31E39A7D6}.Release|Any CPU.ActiveCfg = Release|Any CPU
		{845BED0E-0400-4BF1-A942-FCA31E39A7D6}.Release|Any CPU.Build.0 = Release|Any CPU
	EndGlobalSection
	GlobalSection(SolutionProperties) = preSolution
		HideSolutionNode = FALSE
	EndGlobalSection
	GlobalSection(ExtensibilityGlobals) = postSolution
		SolutionGuid = {19628B30-5FE1-47A8-84B7-8B1D896FA136}
	EndGlobalSection
EndGlobal
